
Microsoft Visual Studio Solution File, Format Version 12.00
# Visual Studio Version 17
VisualStudioVersion = 17.8.34511.84
MinimumVisualStudioVersion = 10.0.40219.1
Project("{8BC9CEB8-8B4A-11D0-8D11-00A0C91BC942}") = "studio_offline", "studio_offline\studio_offline.vcxproj", "{D1315A3E-0B98-4045-8EC2-4A54CC7E1995}"
EndProject
Project("{8BC9CEB8-8B4A-11D0-8D11-00A0C91BC942}") = "WebViewWho", "WebViewWho\WebViewWho.vcxproj", "{98C85B40-7766-4704-B9E2-1ED0BE83E965}"
EndProject
Global
	GlobalSection(SolutionConfigurationPlatforms) = preSolution
		Debug|x64 = Debug|x64
		Debug|x86 = Debug|x86
		Release|x64 = Release|x64
		Release|x86 = Release|x86
	EndGlobalSection
	GlobalSection(ProjectConfigurationPlatforms) = postSolution
		{D1315A3E-0B98-4045-8EC2-4A54CC7E1995}.Debug|x64.ActiveCfg = Debug|x64
		{D1315A3E-0B98-4045-8EC2-4A54CC7E1995}.Debug|x64.Build.0 = Debug|x64
		{D1315A3E-0B98-4045-8EC2-4A54CC7E1995}.Debug|x86.ActiveCfg = Debug|Win32
		{D1315A3E-0B98-4045-8EC2-4A54CC7E1995}.Debug|x86.Build.0 = Debug|Win32
		{D1315A3E-0B98-4045-8EC2-4A54CC7E1995}.Release|x64.ActiveCfg = Release|x64
		{D1315A3E-0B98-4045-8EC2-4A54CC7E1995}.Release|x64.Build.0 = Release|x64
		{D1315A3E-0B98-4045-8EC2-4A54CC7E1995}.Release|x86.ActiveCfg = Release|Win32
		{D1315A3E-0B98-4045-8EC2-4A54CC7E1995}.Release|x86.Build.0 = Release|Win32
		{98C85B40-7766-4704-B9E2-1ED0BE83E965}.Debug|x64.ActiveCfg = Debug|x64
		{98C85B40-7766-4704-B9E2-1ED0BE83E965}.Debug|x64.Build.0 = Debug|x64
		{98C85B40-7766-4704-B9E2-1ED0BE83E965}.Debug|x86.ActiveCfg = Debug|Win32
		{98C85B40-7766-4704-B9E2-1ED0BE83E965}.Debug|x86.Build.0 = Debug|Win32
		{98C85B40-7766-4704-B9E2-1ED0BE83E965}.Release|x64.ActiveCfg = Release|x64
		{98C85B40-7766-4704-B9E2-1ED0BE83E965}.Release|x64.Build.0 = Release|x64
		{98C85B40-7766-4704-B9E2-1ED0BE83E965}.Release|x86.ActiveCfg = Release|Win32
		{98C85B40-7766-4704-B9E2-1ED0BE83E965}.Release|x86.Build.0 = Release|Win32
	EndGlobalSection
	GlobalSection(SolutionProperties) = preSolution
		HideSolutionNode = FALSE
	EndGlobalSection
	GlobalSection(ExtensibilityGlobals) = postSolution
		SolutionGuid = {30A1E179-B114-4140-900A-A464BC047B44}
	EndGlobalSection
EndGlobal
